
Microsoft Visual Studio Solution File, Format Version 9.00
# Visual Studio 2005
Project("{E24C65DC-7377-472B-9ABA-BC803B73C61A}") = "D:\asp.net2.0prime\Example_3_3\", ".", "{0AAE3EEE-BACD-40F1-8E6D-0CD0EFC9064C}"
	ProjectSection(WebsiteProperties) = preProject
		Debug.AspNetCompiler.VirtualPath = "/Example_3_3"
		Debug.AspNetCompiler.PhysicalPath = "..\..\asp.net2.0prime\Example_3_3\"
		Debug.AspNetCompiler.TargetPath = "PrecompiledWeb\Example_3_3\"
		Debug.AspNetCompiler.Updateable = "true"
		Debug.AspNetCompiler.ForceOverwrite = "true"
		Debug.AspNetCompiler.FixedNames = "false"
		Debug.AspNetCompiler.Debug = "True"
		Release.AspNetCompiler.VirtualPath = "/Example_3_3"
		Release.AspNetCompiler.PhysicalPath = "..\..\asp.net2.0prime\Example_3_3\"
		Release.AspNetCompiler.TargetPath = "PrecompiledWeb\Example_3_3\"
		Release.AspNetCompiler.Updateable = "true"
		Release.AspNetCompiler.ForceOverwrite = "true"
		Release.AspNetCompiler.FixedNames = "false"
		Release.AspNetCompiler.Debug = "False"
		VWDPort = "3149"
	EndProjectSection
EndProject
Global
	GlobalSection(SolutionConfigurationPlatforms) = preSolution
		Debug|.NET = Debug|.NET
	EndGlobalSection
	GlobalSection(ProjectConfigurationPlatforms) = postSolution
		{0AAE3EEE-BACD-40F1-8E6D-0CD0EFC9064C}.Debug|.NET.ActiveCfg = Debug|.NET
		{0AAE3EEE-BACD-40F1-8E6D-0CD0EFC9064C}.Debug|.NET.Build.0 = Debug|.NET
	EndGlobalSection
	GlobalSection(SolutionProperties) = preSolution
		HideSolutionNode = FALSE
	EndGlobalSection
EndGlobal
