
Microsoft Visual Studio Solution File, Format Version 9.00
# Visual Studio 2005
Project("{E24C65DC-7377-472B-9ABA-BC803B73C61A}") = "D:\asp.net2.0prime\Example_3_1\", ".", "{EA298394-8954-4F23-A319-FAB35501C80B}"
	ProjectSection(WebsiteProperties) = preProject
		Debug.AspNetCompiler.VirtualPath = "/Example_3_1"
		Debug.AspNetCompiler.PhysicalPath = "..\..\asp.net2.0prime\Example_3_1\"
		Debug.AspNetCompiler.TargetPath = "PrecompiledWeb\Example_3_1\"
		Debug.AspNetCompiler.Updateable = "true"
		Debug.AspNetCompiler.ForceOverwrite = "true"
		Debug.AspNetCompiler.FixedNames = "false"
		Debug.AspNetCompiler.Debug = "True"
		Release.AspNetCompiler.VirtualPath = "/Example_3_1"
		Release.AspNetCompiler.PhysicalPath = "..\..\asp.net2.0prime\Example_3_1\"
		Release.AspNetCompiler.TargetPath = "PrecompiledWeb\Example_3_1\"
		Release.AspNetCompiler.Updateable = "true"
		Release.AspNetCompiler.ForceOverwrite = "true"
		Release.AspNetCompiler.FixedNames = "false"
		Release.AspNetCompiler.Debug = "False"
		VWDPort = "3141"
	EndProjectSection
EndProject
Global
	GlobalSection(SolutionConfigurationPlatforms) = preSolution
		Debug|.NET = Debug|.NET
	EndGlobalSection
	GlobalSection(ProjectConfigurationPlatforms) = postSolution
		{EA298394-8954-4F23-A319-FAB35501C80B}.Debug|.NET.ActiveCfg = Debug|.NET
		{EA298394-8954-4F23-A319-FAB35501C80B}.Debug|.NET.Build.0 = Debug|.NET
	EndGlobalSection
	GlobalSection(SolutionProperties) = preSolution
		HideSolutionNode = FALSE
	EndGlobalSection
EndGlobal
