
Microsoft Visual Studio Solution File, Format Version 9.00
# Visual Studio 2005
Project("{E24C65DC-7377-472B-9ABA-BC803B73C61A}") = "D:\asp.net2.0prime\WebDisk\", ".", "{5A29CEE0-4317-4BEF-BF38-86F965A71521}"
	ProjectSection(WebsiteProperties) = preProject
		Debug.AspNetCompiler.VirtualPath = "/WebDisk"
		Debug.AspNetCompiler.PhysicalPath = "D:\asp.net2.0prime\WebDisk\"
		Debug.AspNetCompiler.TargetPath = "PrecompiledWeb\WebDisk\"
		Debug.AspNetCompiler.Updateable = "true"
		Debug.AspNetCompiler.ForceOverwrite = "true"
		Debug.AspNetCompiler.FixedNames = "false"
		Debug.AspNetCompiler.Debug = "True"
		Release.AspNetCompiler.VirtualPath = "/WebDisk"
		Release.AspNetCompiler.PhysicalPath = "D:\asp.net2.0prime\WebDisk\"
		Release.AspNetCompiler.TargetPath = "PrecompiledWeb\WebDisk\"
		Release.AspNetCompiler.Updateable = "true"
		Release.AspNetCompiler.ForceOverwrite = "true"
		Release.AspNetCompiler.FixedNames = "false"
		Release.AspNetCompiler.Debug = "False"
		VWDPort = "1083"
	EndProjectSection
EndProject
Global
	GlobalSection(SolutionConfigurationPlatforms) = preSolution
		Debug|.NET = Debug|.NET
	EndGlobalSection
	GlobalSection(ProjectConfigurationPlatforms) = postSolution
		{5A29CEE0-4317-4BEF-BF38-86F965A71521}.Debug|.NET.ActiveCfg = Debug|.NET
		{5A29CEE0-4317-4BEF-BF38-86F965A71521}.Debug|.NET.Build.0 = Debug|.NET
	EndGlobalSection
	GlobalSection(SolutionProperties) = preSolution
		HideSolutionNode = FALSE
	EndGlobalSection
EndGlobal
