
Microsoft Visual Studio Solution File, Format Version 9.00
# Visual Studio 2005
Project("{E24C65DC-7377-472B-9ABA-BC803B73C61A}") = "D:\asp.net2.0prime\WebEmail\", ".", "{43AB1A52-3B41-4636-A11C-8FB18AEA8A12}"
	ProjectSection(WebsiteProperties) = preProject
		Debug.AspNetCompiler.VirtualPath = "/WebEmail"
		Debug.AspNetCompiler.PhysicalPath = "..\..\asp.net2.0prime\WebEmail\"
		Debug.AspNetCompiler.TargetPath = "PrecompiledWeb\WebEmail\"
		Debug.AspNetCompiler.Updateable = "true"
		Debug.AspNetCompiler.ForceOverwrite = "true"
		Debug.AspNetCompiler.FixedNames = "false"
		Debug.AspNetCompiler.Debug = "True"
		Release.AspNetCompiler.VirtualPath = "/WebEmail"
		Release.AspNetCompiler.PhysicalPath = "..\..\asp.net2.0prime\WebEmail\"
		Release.AspNetCompiler.TargetPath = "PrecompiledWeb\WebEmail\"
		Release.AspNetCompiler.Updateable = "true"
		Release.AspNetCompiler.ForceOverwrite = "true"
		Release.AspNetCompiler.FixedNames = "false"
		Release.AspNetCompiler.Debug = "False"
		VWDPort = "1111"
	EndProjectSection
EndProject
Global
	GlobalSection(SolutionConfigurationPlatforms) = preSolution
		Debug|.NET = Debug|.NET
	EndGlobalSection
	GlobalSection(ProjectConfigurationPlatforms) = postSolution
		{43AB1A52-3B41-4636-A11C-8FB18AEA8A12}.Debug|.NET.ActiveCfg = Debug|.NET
		{43AB1A52-3B41-4636-A11C-8FB18AEA8A12}.Debug|.NET.Build.0 = Debug|.NET
	EndGlobalSection
	GlobalSection(SolutionProperties) = preSolution
		HideSolutionNode = FALSE
	EndGlobalSection
EndGlobal
